
Microsoft Visual Studio Solution File, Format Version 12.00
# Visual Studio 14
VisualStudioVersion = 14.0.25420.1
MinimumVisualStudioVersion = 10.0.40219.1
Project("{FAE04EC0-301F-11D3-BF4B-00C04F79EFBC}") = "Spotiqueue", "Spotiqueue\Spotiqueue.csproj", "{7C927382-E2D0-482E-B33D-E795AFC796DD}"
EndProject
Project("{FAE04EC0-301F-11D3-BF4B-00C04F79EFBC}") = "Spotiqueue.Tests", "Spotiqueue.Tests\Spotiqueue.Tests.csproj", "{1AEF7118-15FD-4F9D-BC61-1BC180147D55}"
EndProject
Global
	GlobalSection(SolutionConfigurationPlatforms) = preSolution
		Debug|Any CPU = Debug|Any CPU
		Release|Any CPU = Release|Any CPU
	EndGlobalSection
	GlobalSection(ProjectConfigurationPlatforms) = postSolution
		{7C927382-E2D0-482E-B33D-E795AFC796DD}.Debug|Any CPU.ActiveCfg = Debug|Any CPU
		{7C927382-E2D0-482E-B33D-E795AFC796DD}.Debug|Any CPU.Build.0 = Debug|Any CPU
		{7C927382-E2D0-482E-B33D-E795AFC796DD}.Release|Any CPU.ActiveCfg = Release|Any CPU
		{7C927382-E2D0-482E-B33D-E795AFC796DD}.Release|Any CPU.Build.0 = Release|Any CPU
		{1AEF7118-15FD-4F9D-BC61-1BC180147D55}.Debug|Any CPU.ActiveCfg = Debug|Any CPU
		{1AEF7118-15FD-4F9D-BC61-1BC180147D55}.Debug|Any CPU.Build.0 = Debug|Any CPU
		{1AEF7118-15FD-4F9D-BC61-1BC180147D55}.Release|Any CPU.ActiveCfg = Release|Any CPU
		{1AEF7118-15FD-4F9D-BC61-1BC180147D55}.Release|Any CPU.Build.0 = Release|Any CPU
	EndGlobalSection
	GlobalSection(SolutionProperties) = preSolution
		HideSolutionNode = FALSE
	EndGlobalSection
EndGlobal
